
Microsoft Visual Studio Solution File, Format Version 11.00
# Visual Studio 2010
Project("{8BC9CEB8-8B4A-11D0-8D11-00A0C91BC942}") = "NativeDLL", "NativeDLL.vcxproj", "{0EF410D5-9EA1-4D49-B7D6-E029A92543C2}"
EndProject
Global
	GlobalSection(SolutionConfigurationPlatforms) = preSolution
		CodeAnalysis|Mixed Platforms = CodeAnalysis|Mixed Platforms
		CodeAnalysis|Win32 = CodeAnalysis|Win32
		CodeAnalysis|x64 = CodeAnalysis|x64
		CodeAnalysis|Xbox 360 = CodeAnalysis|Xbox 360
		Debug|Mixed Platforms = Debug|Mixed Platforms
		Debug|Win32 = Debug|Win32
		Debug|x64 = Debug|x64
		Debug|Xbox 360 = Debug|Xbox 360
		DLL-Import Debug|Mixed Platforms = DLL-Import Debug|Mixed Platforms
		DLL-Import Debug|Win32 = DLL-Import Debug|Win32
		DLL-Import Debug|x64 = DLL-Import Debug|x64
		DLL-Import Debug|Xbox 360 = DLL-Import Debug|Xbox 360
		DLL-Import Release|Mixed Platforms = DLL-Import Release|Mixed Platforms
		DLL-Import Release|Win32 = DLL-Import Release|Win32
		DLL-Import Release|x64 = DLL-Import Release|x64
		DLL-Import Release|Xbox 360 = DLL-Import Release|Xbox 360
		North|Mixed Platforms = North|Mixed Platforms
		North|Win32 = North|Win32
		North|x64 = North|x64
		North|Xbox 360 = North|Xbox 360
		Personal|Mixed Platforms = Personal|Mixed Platforms
		Personal|Win32 = Personal|Win32
		Personal|x64 = Personal|x64
		Personal|Xbox 360 = Personal|Xbox 360
		Private|Mixed Platforms = Private|Mixed Platforms
		Private|Win32 = Private|Win32
		Private|x64 = Private|x64
		Private|Xbox 360 = Private|Xbox 360
		Profile_FastCap|Mixed Platforms = Profile_FastCap|Mixed Platforms
		Profile_FastCap|Win32 = Profile_FastCap|Win32
		Profile_FastCap|x64 = Profile_FastCap|x64
		Profile_FastCap|Xbox 360 = Profile_FastCap|Xbox 360
		Profile|Mixed Platforms = Profile|Mixed Platforms
		Profile|Win32 = Profile|Win32
		Profile|x64 = Profile|x64
		Profile|Xbox 360 = Profile|Xbox 360
		Release_LTCG|Mixed Platforms = Release_LTCG|Mixed Platforms
		Release_LTCG|Win32 = Release_LTCG|Win32
		Release_LTCG|x64 = Release_LTCG|x64
		Release_LTCG|Xbox 360 = Release_LTCG|Xbox 360
		Release|Mixed Platforms = Release|Mixed Platforms
		Release|Win32 = Release|Win32
		Release|x64 = Release|x64
		Release|Xbox 360 = Release|Xbox 360
	EndGlobalSection
	GlobalSection(ProjectConfigurationPlatforms) = postSolution
		{0EF410D5-9EA1-4D49-B7D6-E029A92543C2}.CodeAnalysis|Mixed Platforms.ActiveCfg = CodeAnalysis|Xbox 360
		{0EF410D5-9EA1-4D49-B7D6-E029A92543C2}.CodeAnalysis|Mixed Platforms.Build.0 = CodeAnalysis|Xbox 360
		{0EF410D5-9EA1-4D49-B7D6-E029A92543C2}.CodeAnalysis|Mixed Platforms.Deploy.0 = CodeAnalysis|Xbox 360
		{0EF410D5-9EA1-4D49-B7D6-E029A92543C2}.CodeAnalysis|Win32.ActiveCfg = CodeAnalysis|Xbox 360
		{0EF410D5-9EA1-4D49-B7D6-E029A92543C2}.CodeAnalysis|x64.ActiveCfg = CodeAnalysis|Xbox 360
		{0EF410D5-9EA1-4D49-B7D6-E029A92543C2}.CodeAnalysis|Xbox 360.ActiveCfg = CodeAnalysis|Xbox 360
		{0EF410D5-9EA1-4D49-B7D6-E029A92543C2}.CodeAnalysis|Xbox 360.Build.0 = CodeAnalysis|Xbox 360
		{0EF410D5-9EA1-4D49-B7D6-E029A92543C2}.Debug|Mixed Platforms.ActiveCfg = Debug|Xbox 360
		{0EF410D5-9EA1-4D49-B7D6-E029A92543C2}.Debug|Mixed Platforms.Build.0 = Debug|Xbox 360
		{0EF410D5-9EA1-4D49-B7D6-E029A92543C2}.Debug|Mixed Platforms.Deploy.0 = Debug|Xbox 360
		{0EF410D5-9EA1-4D49-B7D6-E029A92543C2}.Debug|Win32.ActiveCfg = Debug|Xbox 360
		{0EF410D5-9EA1-4D49-B7D6-E029A92543C2}.Debug|x64.ActiveCfg = Debug|Xbox 360
		{0EF410D5-9EA1-4D49-B7D6-E029A92543C2}.Debug|Xbox 360.ActiveCfg = Debug|Xbox 360
		{0EF410D5-9EA1-4D49-B7D6-E029A92543C2}.Debug|Xbox 360.Build.0 = Debug|Xbox 360
		{0EF410D5-9EA1-4D49-B7D6-E029A92543C2}.DLL-Import Debug|Mixed Platforms.ActiveCfg = Debug|Xbox 360
		{0EF410D5-9EA1-4D49-B7D6-E029A92543C2}.DLL-Import Debug|Mixed Platforms.Build.0 = Debug|Xbox 360
		{0EF410D5-9EA1-4D49-B7D6-E029A92543C2}.DLL-Import Debug|Mixed Platforms.Deploy.0 = Debug|Xbox 360
		{0EF410D5-9EA1-4D49-B7D6-E029A92543C2}.DLL-Import Debug|Win32.ActiveCfg = Debug|Xbox 360
		{0EF410D5-9EA1-4D49-B7D6-E029A92543C2}.DLL-Import Debug|x64.ActiveCfg = Debug|Xbox 360
		{0EF410D5-9EA1-4D49-B7D6-E029A92543C2}.DLL-Import Debug|Xbox 360.ActiveCfg = Debug|Xbox 360
		{0EF410D5-9EA1-4D49-B7D6-E029A92543C2}.DLL-Import Debug|Xbox 360.Build.0 = Debug|Xbox 360
		{0EF410D5-9EA1-4D49-B7D6-E029A92543C2}.DLL-Import Debug|Xbox 360.Deploy.0 = Debug|Xbox 360
		{0EF410D5-9EA1-4D49-B7D6-E029A92543C2}.DLL-Import Release|Mixed Platforms.ActiveCfg = Release|Xbox 360
		{0EF410D5-9EA1-4D49-B7D6-E029A92543C2}.DLL-Import Release|Mixed Platforms.Build.0 = Release|Xbox 360
		{0EF410D5-9EA1-4D49-B7D6-E029A92543C2}.DLL-Import Release|Mixed Platforms.Deploy.0 = Release|Xbox 360
		{0EF410D5-9EA1-4D49-B7D6-E029A92543C2}.DLL-Import Release|Win32.ActiveCfg = Release|Xbox 360
		{0EF410D5-9EA1-4D49-B7D6-E029A92543C2}.DLL-Import Release|x64.ActiveCfg = Release|Xbox 360
		{0EF410D5-9EA1-4D49-B7D6-E029A92543C2}.DLL-Import Release|Xbox 360.ActiveCfg = Release|Xbox 360
		{0EF410D5-9EA1-4D49-B7D6-E029A92543C2}.DLL-Import Release|Xbox 360.Build.0 = Release|Xbox 360
		{0EF410D5-9EA1-4D49-B7D6-E029A92543C2}.DLL-Import Release|Xbox 360.Deploy.0 = Release|Xbox 360
		{0EF410D5-9EA1-4D49-B7D6-E029A92543C2}.North|Mixed Platforms.ActiveCfg = North|Xbox 360
		{0EF410D5-9EA1-4D49-B7D6-E029A92543C2}.North|Mixed Platforms.Build.0 = North|Xbox 360
		{0EF410D5-9EA1-4D49-B7D6-E029A92543C2}.North|Mixed Platforms.Deploy.0 = North|Xbox 360
		{0EF410D5-9EA1-4D49-B7D6-E029A92543C2}.North|Win32.ActiveCfg = North|Xbox 360
		{0EF410D5-9EA1-4D49-B7D6-E029A92543C2}.North|x64.ActiveCfg = North|Xbox 360
		{0EF410D5-9EA1-4D49-B7D6-E029A92543C2}.North|Xbox 360.ActiveCfg = North|Xbox 360
		{0EF410D5-9EA1-4D49-B7D6-E029A92543C2}.North|Xbox 360.Build.0 = North|Xbox 360
		{0EF410D5-9EA1-4D49-B7D6-E029A92543C2}.North|Xbox 360.Deploy.0 = North|Xbox 360
		{0EF410D5-9EA1-4D49-B7D6-E029A92543C2}.Personal|Mixed Platforms.ActiveCfg = Personal|Xbox 360
		{0EF410D5-9EA1-4D49-B7D6-E029A92543C2}.Personal|Mixed Platforms.Build.0 = Personal|Xbox 360
		{0EF410D5-9EA1-4D49-B7D6-E029A92543C2}.Personal|Mixed Platforms.Deploy.0 = Personal|Xbox 360
		{0EF410D5-9EA1-4D49-B7D6-E029A92543C2}.Personal|Win32.ActiveCfg = Personal|Xbox 360
		{0EF410D5-9EA1-4D49-B7D6-E029A92543C2}.Personal|x64.ActiveCfg = Personal|Xbox 360
		{0EF410D5-9EA1-4D49-B7D6-E029A92543C2}.Personal|Xbox 360.ActiveCfg = Personal|Xbox 360
		{0EF410D5-9EA1-4D49-B7D6-E029A92543C2}.Personal|Xbox 360.Build.0 = Personal|Xbox 360
		{0EF410D5-9EA1-4D49-B7D6-E029A92543C2}.Personal|Xbox 360.Deploy.0 = Personal|Xbox 360
		{0EF410D5-9EA1-4D49-B7D6-E029A92543C2}.Private|Mixed Platforms.ActiveCfg = Private|Xbox 360
		{0EF410D5-9EA1-4D49-B7D6-E029A92543C2}.Private|Mixed Platforms.Build.0 = Private|Xbox 360
		{0EF410D5-9EA1-4D49-B7D6-E029A92543C2}.Private|Mixed Platforms.Deploy.0 = Private|Xbox 360
		{0EF410D5-9EA1-4D49-B7D6-E029A92543C2}.Private|Win32.ActiveCfg = Private|Xbox 360
		{0EF410D5-9EA1-4D49-B7D6-E029A92543C2}.Private|x64.ActiveCfg = Private|Xbox 360
		{0EF410D5-9EA1-4D49-B7D6-E029A92543C2}.Private|Xbox 360.ActiveCfg = Private|Xbox 360
		{0EF410D5-9EA1-4D49-B7D6-E029A92543C2}.Private|Xbox 360.Build.0 = Private|Xbox 360
		{0EF410D5-9EA1-4D49-B7D6-E029A92543C2}.Private|Xbox 360.Deploy.0 = Private|Xbox 360
		{0EF410D5-9EA1-4D49-B7D6-E029A92543C2}.Profile_FastCap|Mixed Platforms.ActiveCfg = Profile_FastCap|Xbox 360
		{0EF410D5-9EA1-4D49-B7D6-E029A92543C2}.Profile_FastCap|Mixed Platforms.Build.0 = Profile_FastCap|Xbox 360
		{0EF410D5-9EA1-4D49-B7D6-E029A92543C2}.Profile_FastCap|Mixed Platforms.Deploy.0 = Profile_FastCap|Xbox 360
		{0EF410D5-9EA1-4D49-B7D6-E029A92543C2}.Profile_FastCap|Win32.ActiveCfg = Profile_FastCap|Xbox 360
		{0EF410D5-9EA1-4D49-B7D6-E029A92543C2}.Profile_FastCap|x64.ActiveCfg = Profile_FastCap|Xbox 360
		{0EF410D5-9EA1-4D49-B7D6-E029A92543C2}.Profile_FastCap|Xbox 360.ActiveCfg = Profile_FastCap|Xbox 360
		{0EF410D5-9EA1-4D49-B7D6-E029A92543C2}.Profile_FastCap|Xbox 360.Build.0 = Profile_FastCap|Xbox 360
		{0EF410D5-9EA1-4D49-B7D6-E029A92543C2}.Profile|Mixed Platforms.ActiveCfg = Profile|Xbox 360
		{0EF410D5-9EA1-4D49-B7D6-E029A92543C2}.Profile|Mixed Platforms.Build.0 = Profile|Xbox 360
		{0EF410D5-9EA1-4D49-B7D6-E029A92543C2}.Profile|Mixed Platforms.Deploy.0 = Profile|Xbox 360
		{0EF410D5-9EA1-4D49-B7D6-E029A92543C2}.Profile|Win32.ActiveCfg = Profile|Xbox 360
		{0EF410D5-9EA1-4D49-B7D6-E029A92543C2}.Profile|x64.ActiveCfg = Profile|Xbox 360
		{0EF410D5-9EA1-4D49-B7D6-E029A92543C2}.Profile|Xbox 360.ActiveCfg = Profile|Xbox 360
		{0EF410D5-9EA1-4D49-B7D6-E029A92543C2}.Profile|Xbox 360.Build.0 = Profile|Xbox 360
		{0EF410D5-9EA1-4D49-B7D6-E029A92543C2}.Release_LTCG|Mixed Platforms.ActiveCfg = Release_LTCG|Xbox 360
		{0EF410D5-9EA1-4D49-B7D6-E029A92543C2}.Release_LTCG|Mixed Platforms.Build.0 = Release_LTCG|Xbox 360
		{0EF410D5-9EA1-4D49-B7D6-E029A92543C2}.Release_LTCG|Mixed Platforms.Deploy.0 = Release_LTCG|Xbox 360
		{0EF410D5-9EA1-4D49-B7D6-E029A92543C2}.Release_LTCG|Win32.ActiveCfg = Release_LTCG|Xbox 360
		{0EF410D5-9EA1-4D49-B7D6-E029A92543C2}.Release_LTCG|x64.ActiveCfg = Release_LTCG|Xbox 360
		{0EF410D5-9EA1-4D49-B7D6-E029A92543C2}.Release_LTCG|Xbox 360.ActiveCfg = Release_LTCG|Xbox 360
		{0EF410D5-9EA1-4D49-B7D6-E029A92543C2}.Release_LTCG|Xbox 360.Build.0 = Release_LTCG|Xbox 360
		{0EF410D5-9EA1-4D49-B7D6-E029A92543C2}.Release|Mixed Platforms.ActiveCfg = Release|Xbox 360
		{0EF410D5-9EA1-4D49-B7D6-E029A92543C2}.Release|Mixed Platforms.Build.0 = Release|Xbox 360
		{0EF410D5-9EA1-4D49-B7D6-E029A92543C2}.Release|Mixed Platforms.Deploy.0 = Release|Xbox 360
		{0EF410D5-9EA1-4D49-B7D6-E029A92543C2}.Release|Win32.ActiveCfg = Release|Xbox 360
		{0EF410D5-9EA1-4D49-B7D6-E029A92543C2}.Release|x64.ActiveCfg = Release|Xbox 360
		{0EF410D5-9EA1-4D49-B7D6-E029A92543C2}.Release|Xbox 360.ActiveCfg = Release|Xbox 360
		{0EF410D5-9EA1-4D49-B7D6-E029A92543C2}.Release|Xbox 360.Build.0 = Release|Xbox 360
	EndGlobalSection
	GlobalSection(SolutionProperties) = preSolution
		HideSolutionNode = FALSE
	EndGlobalSection
EndGlobal
